{
  "_comment": "Pinned PQ-OpenSSL base image, the same artifact the gateway's base.lock pins. Duplicated rather than fetched cross-repo so this repository builds from its own inputs with no cross-repo token; a digest pin is a dependency pin like any other. Bump it alongside the gateway's, and only to a digest that has actually been published.",
  "image": "ghcr.io/pqc-ra/pqc-mtls-openssl-base",
  "digest": "sha256:700d3dba69e22fb604b9254b0ac4d2093e828d466507fb5255a8589480775173",
  "openssl_version": "3.6.2",
  "verified": "2026-08-18: built and published by the gateway's base-images workflow, multi-arch (linux/amd64 + linux/arm64), cosign-signed with an SBOM attestation"
}
